
Microsoft Visual Studio Solution File, Format Version 12.00
# Visual Studio Version 16
VisualStudioVersion = 16.0.29509.3
MinimumVisualStudioVersion = 10.0.40219.1
Project("{8BC9CEB8-8B4A-11D0-8D11-00A0C91BC942}") = "递归实现n^k", "递归实现n^k\递归实现n^k.vcxproj", "{C6930878-C95C-4069-ADDA-2AFD68697EA0}"
EndProject
Global
	GlobalSection(SolutionConfigurationPlatforms) = preSolution
		Debug|x64 = Debug|x64
		Debug|x86 = Debug|x86
		Release|x64 = Release|x64
		Release|x86 = Release|x86
	EndGlobalSection
	GlobalSection(ProjectConfigurationPlatforms) = postSolution
		{C6930878-C95C-4069-ADDA-2AFD68697EA0}.Debug|x64.ActiveCfg = Debug|x64
		{C6930878-C95C-4069-ADDA-2AFD68697EA0}.Debug|x64.Build.0 = Debug|x64
		{C6930878-C95C-4069-ADDA-2AFD68697EA0}.Debug|x86.ActiveCfg = Debug|Win32
		{C6930878-C95C-4069-ADDA-2AFD68697EA0}.Debug|x86.Build.0 = Debug|Win32
		{C6930878-C95C-4069-ADDA-2AFD68697EA0}.Release|x64.ActiveCfg = Release|x64
		{C6930878-C95C-4069-ADDA-2AFD68697EA0}.Release|x64.Build.0 = Release|x64
		{C6930878-C95C-4069-ADDA-2AFD68697EA0}.Release|x86.ActiveCfg = Release|Win32
		{C6930878-C95C-4069-ADDA-2AFD68697EA0}.Release|x86.Build.0 = Release|Win32
	EndGlobalSection
	GlobalSection(SolutionProperties) = preSolution
		HideSolutionNode = FALSE
	EndGlobalSection
	GlobalSection(ExtensibilityGlobals) = postSolution
		SolutionGuid = {59B4DD30-CFC4-4BDF-8AFE-87E479EA174B}
	EndGlobalSection
EndGlobal
