
Microsoft Visual Studio Solution File, Format Version 12.00
# Visual Studio Version 16
VisualStudioVersion = 16.0.29519.87
MinimumVisualStudioVersion = 10.0.40219.1
Project("{8BC9CEB8-8B4A-11D0-8D11-00A0C91BC942}") = "线性追赶法", "线性追赶法\线性追赶法.vcxproj", "{5365F46D-0910-4023-A2D2-BB6C61525D89}"
EndProject
Global
	GlobalSection(SolutionConfigurationPlatforms) = preSolution
		Debug|x64 = Debug|x64
		Debug|x86 = Debug|x86
		Release|x64 = Release|x64
		Release|x86 = Release|x86
	EndGlobalSection
	GlobalSection(ProjectConfigurationPlatforms) = postSolution
		{5365F46D-0910-4023-A2D2-BB6C61525D89}.Debug|x64.ActiveCfg = Debug|x64
		{5365F46D-0910-4023-A2D2-BB6C61525D89}.Debug|x64.Build.0 = Debug|x64
		{5365F46D-0910-4023-A2D2-BB6C61525D89}.Debug|x86.ActiveCfg = Debug|Win32
		{5365F46D-0910-4023-A2D2-BB6C61525D89}.Debug|x86.Build.0 = Debug|Win32
		{5365F46D-0910-4023-A2D2-BB6C61525D89}.Release|x64.ActiveCfg = Release|x64
		{5365F46D-0910-4023-A2D2-BB6C61525D89}.Release|x64.Build.0 = Release|x64
		{5365F46D-0910-4023-A2D2-BB6C61525D89}.Release|x86.ActiveCfg = Release|Win32
		{5365F46D-0910-4023-A2D2-BB6C61525D89}.Release|x86.Build.0 = Release|Win32
	EndGlobalSection
	GlobalSection(SolutionProperties) = preSolution
		HideSolutionNode = FALSE
	EndGlobalSection
	GlobalSection(ExtensibilityGlobals) = postSolution
		SolutionGuid = {09C41295-EFEA-4D71-902D-7DBA459A470A}
	EndGlobalSection
EndGlobal
